
Microsoft Visual Studio Solution File, Format Version 12.00
# Visual Studio Version 17
VisualStudioVersion = 17.10.35201.131
MinimumVisualStudioVersion = 10.0.40219.1
Project("{FAE04EC0-301F-11D3-BF4B-00C04F79EFBC}") = "CBS.Core", "CBS.Core\CBS.Core.csproj", "{5D5B54C1-6CC5-44F0-8584-93E7AF52760C}"
EndProject
Project("{2150E333-8FDC-42A3-9474-1A3956D46DE8}") = "CSE", "CSE", "{645443C2-B15C-4244-8A95-E77CBBF40E6A}"
EndProject
Project("{9A19103F-16F7-4668-BE54-9A1E7A4F7556}") = "CSE.Core", "..\..\..\CoreSkeletonEngine\Master\CSE.Core\CSE.Core.csproj", "{762C6BE7-F40F-49E1-A91F-46B56667069F}"
EndProject
Project("{9A19103F-16F7-4668-BE54-9A1E7A4F7556}") = "CSE.Data", "..\..\..\CoreSkeletonEngine\Master\CSE.Data\CSE.Data.csproj", "{2E3E9C4D-EA1E-43E4-9974-F83127AF3C72}"
EndProject
Project("{9A19103F-16F7-4668-BE54-9A1E7A4F7556}") = "CSE.DataContext", "..\..\..\CoreSkeletonEngine\Master\CSE.DataContext\CSE.DataContext.csproj", "{E4D08494-6490-4BCC-B3B9-7366A8EE82D2}"
EndProject
Project("{9A19103F-16F7-4668-BE54-9A1E7A4F7556}") = "CSE.Entity", "..\..\..\CoreSkeletonEngine\Master\CSE.Entity\CSE.Entity.csproj", "{A389DB2E-C279-4CBE-8242-685DC50D5A21}"
EndProject
Project("{9A19103F-16F7-4668-BE54-9A1E7A4F7556}") = "CSE.Extension", "..\..\..\CoreSkeletonEngine\Master\CSE.Extension\CSE.Extension.csproj", "{C4473063-DE84-497D-A123-397920D377E4}"
EndProject
Project("{9A19103F-16F7-4668-BE54-9A1E7A4F7556}") = "CSE.Factory", "..\..\..\CoreSkeletonEngine\Master\CSE.Factory\CSE.Factory.csproj", "{2878B711-829E-46FB-A422-8C4DB79B496A}"
EndProject
Project("{9A19103F-16F7-4668-BE54-9A1E7A4F7556}") = "CSE.Foundation", "..\..\..\CoreSkeletonEngine\Master\CSE.Foundation\CSE.Foundation.csproj", "{1A681ED4-DCC7-41E9-8EC4-045FF45B24E0}"
EndProject
Project("{9A19103F-16F7-4668-BE54-9A1E7A4F7556}") = "CSE.Generic", "..\..\..\CoreSkeletonEngine\Master\CSE.Generic\CSE.Generic.csproj", "{00BAA98B-FD62-464B-B828-5F3D531C5C3C}"
EndProject
Project("{9A19103F-16F7-4668-BE54-9A1E7A4F7556}") = "CSE.Interfaces", "..\..\..\CoreSkeletonEngine\Master\CSE.Interfaces\CSE.Interfaces.csproj", "{F14A0BC0-EC98-436F-8161-CB9FE99C95CA}"
EndProject
Project("{9A19103F-16F7-4668-BE54-9A1E7A4F7556}") = "CSE.Mapper", "..\..\..\CoreSkeletonEngine\Master\CSE.Mapper\CSE.Mapper.csproj", "{486A9F35-2502-4A60-89CB-F6C6EC2F3F7E}"
EndProject
Project("{9A19103F-16F7-4668-BE54-9A1E7A4F7556}") = "CSE.Response", "..\..\..\CoreSkeletonEngine\Master\CSE.Response\CSE.Response.csproj", "{A2056A4E-B2D1-4F11-94B1-809D9F08EA9F}"
EndProject
Project("{9A19103F-16F7-4668-BE54-9A1E7A4F7556}") = "CSE.Service", "..\..\..\CoreSkeletonEngine\Master\CSE.Service\CSE.Service.csproj", "{FE334A53-8708-4C31-B06D-797A8E854D3E}"
EndProject
Project("{9A19103F-16F7-4668-BE54-9A1E7A4F7556}") = "CSE.Utility", "..\..\..\CoreSkeletonEngine\Master\CSE.Utility\CSE.Utility.csproj", "{A077891B-7723-4CC2-B8C4-EA5A517FE56C}"
EndProject
Project("{FAE04EC0-301F-11D3-BF4B-00C04F79EFBC}") = "CBS.DataContext", "CBS.DataContext\CBS.DataContext.csproj", "{8466D7D9-B0BF-4316-A742-637F36A8F307}"
EndProject
Project("{FAE04EC0-301F-11D3-BF4B-00C04F79EFBC}") = "CBS.Entity", "CBS.Entity\CBS.Entity.csproj", "{988EBD0C-F265-468B-A680-EBBE53C1D735}"
EndProject
Project("{FAE04EC0-301F-11D3-BF4B-00C04F79EFBC}") = "CBS.WebAPI", "CBS.WebAPI\CBS.WebAPI.csproj", "{68C1C0A4-EF47-40AC-B155-5BC9DAD07785}"
EndProject
Global
	GlobalSection(SolutionConfigurationPlatforms) = preSolution
		Debug|Any CPU = Debug|Any CPU
		Release|Any CPU = Release|Any CPU
	EndGlobalSection
	GlobalSection(ProjectConfigurationPlatforms) = postSolution
		{5D5B54C1-6CC5-44F0-8584-93E7AF52760C}.Debug|Any CPU.ActiveCfg = Debug|Any CPU
		{5D5B54C1-6CC5-44F0-8584-93E7AF52760C}.Debug|Any CPU.Build.0 = Debug|Any CPU
		{5D5B54C1-6CC5-44F0-8584-93E7AF52760C}.Release|Any CPU.ActiveCfg = Release|Any CPU
		{5D5B54C1-6CC5-44F0-8584-93E7AF52760C}.Release|Any CPU.Build.0 = Release|Any CPU
		{762C6BE7-F40F-49E1-A91F-46B56667069F}.Debug|Any CPU.ActiveCfg = Debug|Any CPU
		{762C6BE7-F40F-49E1-A91F-46B56667069F}.Debug|Any CPU.Build.0 = Debug|Any CPU
		{762C6BE7-F40F-49E1-A91F-46B56667069F}.Release|Any CPU.ActiveCfg = Release|Any CPU
		{762C6BE7-F40F-49E1-A91F-46B56667069F}.Release|Any CPU.Build.0 = Release|Any CPU
		{2E3E9C4D-EA1E-43E4-9974-F83127AF3C72}.Debug|Any CPU.ActiveCfg = Debug|Any CPU
		{2E3E9C4D-EA1E-43E4-9974-F83127AF3C72}.Debug|Any CPU.Build.0 = Debug|Any CPU
		{2E3E9C4D-EA1E-43E4-9974-F83127AF3C72}.Release|Any CPU.ActiveCfg = Release|Any CPU
		{2E3E9C4D-EA1E-43E4-9974-F83127AF3C72}.Release|Any CPU.Build.0 = Release|Any CPU
		{E4D08494-6490-4BCC-B3B9-7366A8EE82D2}.Debug|Any CPU.ActiveCfg = Debug|Any CPU
		{E4D08494-6490-4BCC-B3B9-7366A8EE82D2}.Debug|Any CPU.Build.0 = Debug|Any CPU
		{E4D08494-6490-4BCC-B3B9-7366A8EE82D2}.Release|Any CPU.ActiveCfg = Release|Any CPU
		{E4D08494-6490-4BCC-B3B9-7366A8EE82D2}.Release|Any CPU.Build.0 = Release|Any CPU
		{A389DB2E-C279-4CBE-8242-685DC50D5A21}.Debug|Any CPU.ActiveCfg = Debug|Any CPU
		{A389DB2E-C279-4CBE-8242-685DC50D5A21}.Debug|Any CPU.Build.0 = Debug|Any CPU
		{A389DB2E-C279-4CBE-8242-685DC50D5A21}.Release|Any CPU.ActiveCfg = Release|Any CPU
		{A389DB2E-C279-4CBE-8242-685DC50D5A21}.Release|Any CPU.Build.0 = Release|Any CPU
		{C4473063-DE84-497D-A123-397920D377E4}.Debug|Any CPU.ActiveCfg = Debug|Any CPU
		{C4473063-DE84-497D-A123-397920D377E4}.Debug|Any CPU.Build.0 = Debug|Any CPU
		{C4473063-DE84-497D-A123-397920D377E4}.Release|Any CPU.ActiveCfg = Release|Any CPU
		{C4473063-DE84-497D-A123-397920D377E4}.Release|Any CPU.Build.0 = Release|Any CPU
		{2878B711-829E-46FB-A422-8C4DB79B496A}.Debug|Any CPU.ActiveCfg = Debug|Any CPU
		{2878B711-829E-46FB-A422-8C4DB79B496A}.Debug|Any CPU.Build.0 = Debug|Any CPU
		{2878B711-829E-46FB-A422-8C4DB79B496A}.Release|Any CPU.ActiveCfg = Release|Any CPU
		{2878B711-829E-46FB-A422-8C4DB79B496A}.Release|Any CPU.Build.0 = Release|Any CPU
		{1A681ED4-DCC7-41E9-8EC4-045FF45B24E0}.Debug|Any CPU.ActiveCfg = Debug|Any CPU
		{1A681ED4-DCC7-41E9-8EC4-045FF45B24E0}.Debug|Any CPU.Build.0 = Debug|Any CPU
		{1A681ED4-DCC7-41E9-8EC4-045FF45B24E0}.Release|Any CPU.ActiveCfg = Release|Any CPU
		{1A681ED4-DCC7-41E9-8EC4-045FF45B24E0}.Release|Any CPU.Build.0 = Release|Any CPU
		{00BAA98B-FD62-464B-B828-5F3D531C5C3C}.Debug|Any CPU.ActiveCfg = Debug|Any CPU
		{00BAA98B-FD62-464B-B828-5F3D531C5C3C}.Debug|Any CPU.Build.0 = Debug|Any CPU
		{00BAA98B-FD62-464B-B828-5F3D531C5C3C}.Release|Any CPU.ActiveCfg = Release|Any CPU
		{00BAA98B-FD62-464B-B828-5F3D531C5C3C}.Release|Any CPU.Build.0 = Release|Any CPU
		{F14A0BC0-EC98-436F-8161-CB9FE99C95CA}.Debug|Any CPU.ActiveCfg = Debug|Any CPU
		{F14A0BC0-EC98-436F-8161-CB9FE99C95CA}.Debug|Any CPU.Build.0 = Debug|Any CPU
		{F14A0BC0-EC98-436F-8161-CB9FE99C95CA}.Release|Any CPU.ActiveCfg = Release|Any CPU
		{F14A0BC0-EC98-436F-8161-CB9FE99C95CA}.Release|Any CPU.Build.0 = Release|Any CPU
		{486A9F35-2502-4A60-89CB-F6C6EC2F3F7E}.Debug|Any CPU.ActiveCfg = Debug|Any CPU
		{486A9F35-2502-4A60-89CB-F6C6EC2F3F7E}.Debug|Any CPU.Build.0 = Debug|Any CPU
		{486A9F35-2502-4A60-89CB-F6C6EC2F3F7E}.Release|Any CPU.ActiveCfg = Release|Any CPU
		{486A9F35-2502-4A60-89CB-F6C6EC2F3F7E}.Release|Any CPU.Build.0 = Release|Any CPU
		{A2056A4E-B2D1-4F11-94B1-809D9F08EA9F}.Debug|Any CPU.ActiveCfg = Debug|Any CPU
		{A2056A4E-B2D1-4F11-94B1-809D9F08EA9F}.Debug|Any CPU.Build.0 = Debug|Any CPU
		{A2056A4E-B2D1-4F11-94B1-809D9F08EA9F}.Release|Any CPU.ActiveCfg = Release|Any CPU
		{A2056A4E-B2D1-4F11-94B1-809D9F08EA9F}.Release|Any CPU.Build.0 = Release|Any CPU
		{FE334A53-8708-4C31-B06D-797A8E854D3E}.Debug|Any CPU.ActiveCfg = Debug|Any CPU
		{FE334A53-8708-4C31-B06D-797A8E854D3E}.Debug|Any CPU.Build.0 = Debug|Any CPU
		{FE334A53-8708-4C31-B06D-797A8E854D3E}.Release|Any CPU.ActiveCfg = Release|Any CPU
		{FE334A53-8708-4C31-B06D-797A8E854D3E}.Release|Any CPU.Build.0 = Release|Any CPU
		{A077891B-7723-4CC2-B8C4-EA5A517FE56C}.Debug|Any CPU.ActiveCfg = Debug|Any CPU
		{A077891B-7723-4CC2-B8C4-EA5A517FE56C}.Debug|Any CPU.Build.0 = Debug|Any CPU
		{A077891B-7723-4CC2-B8C4-EA5A517FE56C}.Release|Any CPU.ActiveCfg = Release|Any CPU
		{A077891B-7723-4CC2-B8C4-EA5A517FE56C}.Release|Any CPU.Build.0 = Release|Any CPU
		{8466D7D9-B0BF-4316-A742-637F36A8F307}.Debug|Any CPU.ActiveCfg = Debug|Any CPU
		{8466D7D9-B0BF-4316-A742-637F36A8F307}.Debug|Any CPU.Build.0 = Debug|Any CPU
		{8466D7D9-B0BF-4316-A742-637F36A8F307}.Release|Any CPU.ActiveCfg = Release|Any CPU
		{8466D7D9-B0BF-4316-A742-637F36A8F307}.Release|Any CPU.Build.0 = Release|Any CPU
		{988EBD0C-F265-468B-A680-EBBE53C1D735}.Debug|Any CPU.ActiveCfg = Debug|Any CPU
		{988EBD0C-F265-468B-A680-EBBE53C1D735}.Debug|Any CPU.Build.0 = Debug|Any CPU
		{988EBD0C-F265-468B-A680-EBBE53C1D735}.Release|Any CPU.ActiveCfg = Release|Any CPU
		{988EBD0C-F265-468B-A680-EBBE53C1D735}.Release|Any CPU.Build.0 = Release|Any CPU
		{68C1C0A4-EF47-40AC-B155-5BC9DAD07785}.Debug|Any CPU.ActiveCfg = Debug|Any CPU
		{68C1C0A4-EF47-40AC-B155-5BC9DAD07785}.Debug|Any CPU.Build.0 = Debug|Any CPU
		{68C1C0A4-EF47-40AC-B155-5BC9DAD07785}.Release|Any CPU.ActiveCfg = Release|Any CPU
		{68C1C0A4-EF47-40AC-B155-5BC9DAD07785}.Release|Any CPU.Build.0 = Release|Any CPU
	EndGlobalSection
	GlobalSection(SolutionProperties) = preSolution
		HideSolutionNode = FALSE
	EndGlobalSection
	GlobalSection(NestedProjects) = preSolution
		{762C6BE7-F40F-49E1-A91F-46B56667069F} = {645443C2-B15C-4244-8A95-E77CBBF40E6A}
		{2E3E9C4D-EA1E-43E4-9974-F83127AF3C72} = {645443C2-B15C-4244-8A95-E77CBBF40E6A}
		{E4D08494-6490-4BCC-B3B9-7366A8EE82D2} = {645443C2-B15C-4244-8A95-E77CBBF40E6A}
		{A389DB2E-C279-4CBE-8242-685DC50D5A21} = {645443C2-B15C-4244-8A95-E77CBBF40E6A}
		{C4473063-DE84-497D-A123-397920D377E4} = {645443C2-B15C-4244-8A95-E77CBBF40E6A}
		{2878B711-829E-46FB-A422-8C4DB79B496A} = {645443C2-B15C-4244-8A95-E77CBBF40E6A}
		{1A681ED4-DCC7-41E9-8EC4-045FF45B24E0} = {645443C2-B15C-4244-8A95-E77CBBF40E6A}
		{00BAA98B-FD62-464B-B828-5F3D531C5C3C} = {645443C2-B15C-4244-8A95-E77CBBF40E6A}
		{F14A0BC0-EC98-436F-8161-CB9FE99C95CA} = {645443C2-B15C-4244-8A95-E77CBBF40E6A}
		{486A9F35-2502-4A60-89CB-F6C6EC2F3F7E} = {645443C2-B15C-4244-8A95-E77CBBF40E6A}
		{A2056A4E-B2D1-4F11-94B1-809D9F08EA9F} = {645443C2-B15C-4244-8A95-E77CBBF40E6A}
		{FE334A53-8708-4C31-B06D-797A8E854D3E} = {645443C2-B15C-4244-8A95-E77CBBF40E6A}
		{A077891B-7723-4CC2-B8C4-EA5A517FE56C} = {645443C2-B15C-4244-8A95-E77CBBF40E6A}
	EndGlobalSection
	GlobalSection(ExtensibilityGlobals) = postSolution
		SolutionGuid = {63DE3210-69AA-48F2-81F1-74C8E2D5541B}
	EndGlobalSection
EndGlobal
